// !$*UTF8*$!
{
	archiveVersion = 1;
	classes = {
	};
	objectVersion = 56;
	objects = {

/* Begin PBXBuildFile section */
		C0F4B95A2968BBB0004E911B /* LandmarksApp.swift in Sources */ = {isa = PBXBuildFile; fileRef = C0F4B9592968BBB0004E911B /* LandmarksApp.swift */; };
		C0F4B95C2968BBB0004E911B /* ContentView.swift in Sources */ = {isa = PBXBuildFile; fileRef = C0F4B95B2968BBB0004E911B /* ContentView.swift */; };
		C0F4B95E2968BBB4004E911B /* Assets.xcassets in Resources */ = {isa = PBXBuildFile; fileRef = C0F4B95D2968BBB4004E911B /* Assets.xcassets */; };
		C0F4B9612968BBB4004E911B /* Preview Assets.xcassets in Resources */ = {isa = PBXBuildFile; fileRef = C0F4B9602968BBB4004E911B /* Preview Assets.xcassets */; };
		C0F4B9682968BF08004E911B /* CircleImage.swift in Sources */ = {isa = PBXBuildFile; fileRef = C0F4B9672968BF08004E911B /* CircleImage.swift */; };
		C0F4B96A2968BFF0004E911B /* MapView.swift in Sources */ = {isa = PBXBuildFile; fileRef = C0F4B9692968BFF0004E911B /* MapView.swift */; };
		C0F4B96C2968C309004E911B /* landmarkData.json in Resources */ = {isa = PBXBuildFile; fileRef = C0F4B96B2968C309004E911B /* landmarkData.json */; };
		C0F4B96E2968C335004E911B /* Landmark.swift in Sources */ = {isa = PBXBuildFile; fileRef = C0F4B96D2968C335004E911B /* Landmark.swift */; };
		C0F4B9702968C4A2004E911B /* ModelData.swift in Sources */ = {isa = PBXBuildFile; fileRef = C0F4B96F2968C4A2004E911B /* ModelData.swift */; };
		C0F4B9752968C560004E911B /* LandmarkRow.swift in Sources */ = {isa = PBXBuildFile; fileRef = C0F4B9742968C560004E911B /* LandmarkRow.swift */; };
		C0F4B9772968C6CA004E911B /* LandmarkList.swift in Sources */ = {isa = PBXBuildFile; fileRef = C0F4B9762968C6CA004E911B /* LandmarkList.swift */; };
		C0F4B9792968C76D004E911B /* LandmarkDetail.swift in Sources */ = {isa = PBXBuildFile; fileRef = C0F4B9782968C76D004E911B /* LandmarkDetail.swift */; };
		C0F4B97B2968D33F004E911B /* FavoriteButton.swift in Sources */ = {isa = PBXBuildFile; fileRef = C0F4B97A2968D33F004E911B /* FavoriteButton.swift */; };
		C0F4B9812968D4EE004E911B /* HexagonParameters.swift in Sources */ = {isa = PBXBuildFile; fileRef = C0F4B9802968D4EE004E911B /* HexagonParameters.swift */; };
		C0F4B9852968D53C004E911B /* BadgeBackground.swift in Sources */ = {isa = PBXBuildFile; fileRef = C0F4B9842968D53C004E911B /* BadgeBackground.swift */; };
		C0F4B9872968D643004E911B /* BadgeSymbol.swift in Sources */ = {isa = PBXBuildFile; fileRef = C0F4B9862968D643004E911B /* BadgeSymbol.swift */; };
		C0F4B9892968D67C004E911B /* RotatedBadgeSymbol.swift in Sources */ = {isa = PBXBuildFile; fileRef = C0F4B9882968D67C004E911B /* RotatedBadgeSymbol.swift */; };
		C0F4B98B2968D6BB004E911B /* Badge.swift in Sources */ = {isa = PBXBuildFile; fileRef = C0F4B98A2968D6BB004E911B /* Badge.swift */; };
		C0F4B98E296C90AE004E911B /* hikeData.json in Resources */ = {isa = PBXBuildFile; fileRef = C0F4B98D296C90AD004E911B /* hikeData.json */; };
		C0F4B990296C90CC004E911B /* Hike.swift in Sources */ = {isa = PBXBuildFile; fileRef = C0F4B98F296C90CC004E911B /* Hike.swift */; };
		C0F4B993296C9235004E911B /* HikeView.swift in Sources */ = {isa = PBXBuildFile; fileRef = C0F4B992296C9235004E911B /* HikeView.swift */; };
		C0F4B995296CBDF8004E911B /* HikeGraph.swift in Sources */ = {isa = PBXBuildFile; fileRef = C0F4B994296CBDF8004E911B /* HikeGraph.swift */; };
		C0F4B997296CBF1D004E911B /* HikeDetail.swift in Sources */ = {isa = PBXBuildFile; fileRef = C0F4B996296CBF1D004E911B /* HikeDetail.swift */; };
		C0F4B999296CBF67004E911B /* GraphCapsule.swift in Sources */ = {isa = PBXBuildFile; fileRef = C0F4B998296CBF67004E911B /* GraphCapsule.swift */; };
		C0F4B99C296CC22B004E911B /* CategoryHome.swift in Sources */ = {isa = PBXBuildFile; fileRef = C0F4B99B296CC22B004E911B /* CategoryHome.swift */; };
		C0F4B99E296CC45D004E911B /* CategoryRow.swift in Sources */ = {isa = PBXBuildFile; fileRef = C0F4B99D296CC45D004E911B /* CategoryRow.swift */; };
		C0F4B9A0296CC5B2004E911B /* CategoryItem.swift in Sources */ = {isa = PBXBuildFile; fileRef = C0F4B99F296CC5B2004E911B /* CategoryItem.swift */; };
		C0F4B9A5296CC9D0004E911B /* Profile.swift in Sources */ = {isa = PBXBuildFile; fileRef = C0F4B9A4296CC9D0004E911B /* Profile.swift */; };
		C0F4B9A7296CC9E9004E911B /* ProfileHost.swift in Sources */ = {isa = PBXBuildFile; fileRef = C0F4B9A6296CC9E9004E911B /* ProfileHost.swift */; };
		C0F4B9A9296CCA2E004E911B /* ProfileSummary.swift in Sources */ = {isa = PBXBuildFile; fileRef = C0F4B9A8296CCA2E004E911B /* ProfileSummary.swift */; };
		C0F4B9AB296CCA79004E911B /* HikeBadge.swift in Sources */ = {isa = PBXBuildFile; fileRef = C0F4B9AA296CCA79004E911B /* HikeBadge.swift */; };
		C0F4B9AD296CCC70004E911B /* ProfileEditor.swift in Sources */ = {isa = PBXBuildFile; fileRef = C0F4B9AC296CCC70004E911B /* ProfileEditor.swift */; };
		C0F4B9B0296CCDDD004E911B /* PageViewController.swift in Sources */ = {isa = PBXBuildFile; fileRef = C0F4B9AF296CCDDD004E911B /* PageViewController.swift */; };
		C0F4B9B2296CCEF6004E911B /* FeatureCard.swift in Sources */ = {isa = PBXBuildFile; fileRef = C0F4B9B1296CCEF6004E911B /* FeatureCard.swift */; };
		C0F4B9B4296CCF8B004E911B /* PageView.swift in Sources */ = {isa = PBXBuildFile; fileRef = C0F4B9B3296CCF8B004E911B /* PageView.swift */; };
		C0F4B9B6296CD342004E911B /* PageControl.swift in Sources */ = {isa = PBXBuildFile; fileRef = C0F4B9B5296CD342004E911B /* PageControl.swift */; };
/* End PBXBuildFile section */

/* Begin PBXFileReference section */
		C0F4B9562968BBB0004E911B /* Landmarks.app */ = {isa = PBXFileReference; explicitFileType = wrapper.application; includeInIndex = 0; path = Landmarks.app; sourceTree = BUILT_PRODUCTS_DIR; };
		C0F4B9592968BBB0004E911B /* LandmarksApp.swift */ = {isa = PBXFileReference; lastKnownFileType = sourcecode.swift; path = LandmarksApp.swift; sourceTree = "<group>"; };
		C0F4B95B2968BBB0004E911B /* ContentView.swift */ = {isa = PBXFileReference; lastKnownFileType = sourcecode.swift; path = ContentView.swift; sourceTree = "<group>"; };
		C0F4B95D2968BBB4004E911B /* Assets.xcassets */ = {isa = PBXFileReference; lastKnownFileType = folder.assetcatalog; path = Assets.xcassets; sourceTree = "<group>"; };
		C0F4B9602968BBB4004E911B /* Preview Assets.xcassets */ = {isa = PBXFileReference; lastKnownFileType = folder.assetcatalog; path = "Preview Assets.xcassets"; sourceTree = "<group>"; };
		C0F4B9672968BF08004E911B /* CircleImage.swift */ = {isa = PBXFileReference; lastKnownFileType = sourcecode.swift; path = CircleImage.swift; sourceTree = "<group>"; };
		C0F4B9692968BFF0004E911B /* MapView.swift */ = {isa = PBXFileReference; lastKnownFileType = sourcecode.swift; path = MapView.swift; sourceTree = "<group>"; };
		C0F4B96B2968C309004E911B /* landmarkData.json */ = {isa = PBXFileReference; fileEncoding = 4; lastKnownFileType = text.json; path = landmarkData.json; sourceTree = "<group>"; };
		C0F4B96D2968C335004E911B /* Landmark.swift */ = {isa = PBXFileReference; lastKnownFileType = sourcecode.swift; path = Landmark.swift; sourceTree = "<group>"; };
		C0F4B96F2968C4A2004E911B /* ModelData.swift */ = {isa = PBXFileReference; lastKnownFileType = sourcecode.swift; path = ModelData.swift; sourceTree = "<group>"; };
		C0F4B9742968C560004E911B /* LandmarkRow.swift */ = {isa = PBXFileReference; lastKnownFileType = sourcecode.swift; path = LandmarkRow.swift; sourceTree = "<group>"; };
		C0F4B9762968C6CA004E911B /* LandmarkList.swift */ = {isa = PBXFileReference; lastKnownFileType = sourcecode.swift; path = LandmarkList.swift; sourceTree = "<group>"; };
		C0F4B9782968C76D004E911B /* LandmarkDetail.swift */ = {isa = PBXFileReference; lastKnownFileType = sourcecode.swift; path = LandmarkDetail.swift; sourceTree = "<group>"; };
		C0F4B97A2968D33F004E911B /* FavoriteButton.swift */ = {isa = PBXFileReference; lastKnownFileType = sourcecode.swift; path = FavoriteButton.swift; sourceTree = "<group>"; };
		C0F4B9802968D4EE004E911B /* HexagonParameters.swift */ = {isa = PBXFileReference; lastKnownFileType = sourcecode.swift; path = HexagonParameters.swift; sourceTree = "<group>"; };
		C0F4B9842968D53C004E911B /* BadgeBackground.swift */ = {isa = PBXFileReference; lastKnownFileType = sourcecode.swift; path = BadgeBackground.swift; sourceTree = "<group>"; };
		C0F4B9862968D643004E911B /* BadgeSymbol.swift */ = {isa = PBXFileReference; lastKnownFileType = sourcecode.swift; path = BadgeSymbol.swift; sourceTree = "<group>"; };
		C0F4B9882968D67C004E911B /* RotatedBadgeSymbol.swift */ = {isa = PBXFileReference; lastKnownFileType = sourcecode.swift; path = RotatedBadgeSymbol.swift; sourceTree = "<group>"; };
		C0F4B98A2968D6BB004E911B /* Badge.swift */ = {isa = PBXFileReference; lastKnownFileType = sourcecode.swift; path = Badge.swift; sourceTree = "<group>"; };
		C0F4B98D296C90AD004E911B /* hikeData.json */ = {isa = PBXFileReference; fileEncoding = 4; lastKnownFileType = text.json; path = hikeData.json; sourceTree = "<group>"; };
		C0F4B98F296C90CC004E911B /* Hike.swift */ = {isa = PBXFileReference; lastKnownFileType = sourcecode.swift; path = Hike.swift; sourceTree = "<group>"; };
		C0F4B992296C9235004E911B /* HikeView.swift */ = {isa = PBXFileReference; lastKnownFileType = sourcecode.swift; path = HikeView.swift; sourceTree = "<group>"; };
		C0F4B994296CBDF8004E911B /* HikeGraph.swift */ = {isa = PBXFileReference; lastKnownFileType = sourcecode.swift; path = HikeGraph.swift; sourceTree = "<group>"; };
		C0F4B996296CBF1D004E911B /* HikeDetail.swift */ = {isa = PBXFileReference; lastKnownFileType = sourcecode.swift; path = HikeDetail.swift; sourceTree = "<group>"; };
		C0F4B998296CBF67004E911B /* GraphCapsule.swift */ = {isa = PBXFileReference; fileEncoding = 4; lastKnownFileType = sourcecode.swift; path = GraphCapsule.swift; sourceTree = "<group>"; };
		C0F4B99B296CC22B004E911B /* CategoryHome.swift */ = {isa = PBXFileReference; lastKnownFileType = sourcecode.swift; path = CategoryHome.swift; sourceTree = "<group>"; };
		C0F4B99D296CC45D004E911B /* CategoryRow.swift */ = {isa = PBXFileReference; lastKnownFileType = sourcecode.swift; path = CategoryRow.swift; sourceTree = "<group>"; };
		C0F4B99F296CC5B2004E911B /* CategoryItem.swift */ = {isa = PBXFileReference; lastKnownFileType = sourcecode.swift; path = CategoryItem.swift; sourceTree = "<group>"; };
		C0F4B9A4296CC9D0004E911B /* Profile.swift */ = {isa = PBXFileReference; lastKnownFileType = sourcecode.swift; path = Profile.swift; sourceTree = "<group>"; };
		C0F4B9A6296CC9E9004E911B /* ProfileHost.swift */ = {isa = PBXFileReference; lastKnownFileType = sourcecode.swift; path = ProfileHost.swift; sourceTree = "<group>"; };
		C0F4B9A8296CCA2E004E911B /* ProfileSummary.swift */ = {isa = PBXFileReference; lastKnownFileType = sourcecode.swift; path = ProfileSummary.swift; sourceTree = "<group>"; };
		C0F4B9AA296CCA79004E911B /* HikeBadge.swift */ = {isa = PBXFileReference; lastKnownFileType = sourcecode.swift; path = HikeBadge.swift; sourceTree = "<group>"; };
		C0F4B9AC296CCC70004E911B /* ProfileEditor.swift */ = {isa = PBXFileReference; lastKnownFileType = sourcecode.swift; path = ProfileEditor.swift; sourceTree = "<group>"; };
		C0F4B9AF296CCDDD004E911B /* PageViewController.swift */ = {isa = PBXFileReference; lastKnownFileType = sourcecode.swift; path = PageViewController.swift; sourceTree = "<group>"; };
		C0F4B9B1296CCEF6004E911B /* FeatureCard.swift */ = {isa = PBXFileReference; lastKnownFileType = sourcecode.swift; path = FeatureCard.swift; sourceTree = "<group>"; };
		C0F4B9B3296CCF8B004E911B /* PageView.swift */ = {isa = PBXFileReference; lastKnownFileType = sourcecode.swift; path = PageView.swift; sourceTree = "<group>"; };
		C0F4B9B5296CD342004E911B /* PageControl.swift */ = {isa = PBXFileReference; lastKnownFileType = sourcecode.swift; path = PageControl.swift; sourceTree = "<group>"; };
/* End PBXFileReference section */

/* Begin PBXFrameworksBuildPhase section */
		C0F4B9532968BBB0004E911B /* Frameworks */ = {
			isa = PBXFrameworksBuildPhase;
			buildActionMask = 2147483647;
			files = (
			);
			runOnlyForDeploymentPostprocessing = 0;
		};
/* End PBXFrameworksBuildPhase section */

/* Begin PBXGroup section */
		C0F4B94D2968BBB0004E911B = {
			isa = PBXGroup;
			children = (
				C0F4B9582968BBB0004E911B /* Landmarks */,
				C0F4B9572968BBB0004E911B /* Products */,
			);
			sourceTree = "<group>";
		};
		C0F4B9572968BBB0004E911B /* Products */ = {
			isa = PBXGroup;
			children = (
				C0F4B9562968BBB0004E911B /* Landmarks.app */,
			);
			name = Products;
			sourceTree = "<group>";
		};
		C0F4B9582968BBB0004E911B /* Landmarks */ = {
			isa = PBXGroup;
			children = (
				C0F4B9592968BBB0004E911B /* LandmarksApp.swift */,
				C0F4B9732968C527004E911B /* Resources */,
				C0F4B9722968C50D004E911B /* Model */,
				C0F4B9712968C4F6004E911B /* Views */,
				C0F4B95D2968BBB4004E911B /* Assets.xcassets */,
				C0F4B95F2968BBB4004E911B /* Preview Content */,
			);
			path = Landmarks;
			sourceTree = "<group>";
		};
		C0F4B95F2968BBB4004E911B /* Preview Content */ = {
			isa = PBXGroup;
			children = (
				C0F4B9602968BBB4004E911B /* Preview Assets.xcassets */,
			);
			path = "Preview Content";
			sourceTree = "<group>";
		};
		C0F4B9712968C4F6004E911B /* Views */ = {
			isa = PBXGroup;
			children = (
				C0F4B9AE296CCDB7004E911B /* Pages */,
				C0F4B9A1296CC99C004E911B /* Profiles */,
				C0F4B99A296CC215004E911B /* Categories */,
				C0F4B991296C9225004E911B /* Hike */,
				C0F4B97D2968D3D3004E911B /* Landmarks */,
				C0F4B97C2968D39E004E911B /* Helpers */,
				C0F4B95B2968BBB0004E911B /* ContentView.swift */,
				C0F4B98C2968D716004E911B /* Badges */,
			);
			path = Views;
			sourceTree = "<group>";
		};
		C0F4B9722968C50D004E911B /* Model */ = {
			isa = PBXGroup;
			children = (
				C0F4B96D2968C335004E911B /* Landmark.swift */,
				C0F4B96F2968C4A2004E911B /* ModelData.swift */,
				C0F4B98F296C90CC004E911B /* Hike.swift */,
				C0F4B9A4296CC9D0004E911B /* Profile.swift */,
			);
			path = Model;
			sourceTree = "<group>";
		};
		C0F4B9732968C527004E911B /* Resources */ = {
			isa = PBXGroup;
			children = (
				C0F4B98D296C90AD004E911B /* hikeData.json */,
				C0F4B96B2968C309004E911B /* landmarkData.json */,
			);
			path = Resources;
			sourceTree = "<group>";
		};
		C0F4B97C2968D39E004E911B /* Helpers */ = {
			isa = PBXGroup;
			children = (
				C0F4B9672968BF08004E911B /* CircleImage.swift */,
				C0F4B9692968BFF0004E911B /* MapView.swift */,
				C0F4B97A2968D33F004E911B /* FavoriteButton.swift */,
			);
			path = Helpers;
			sourceTree = "<group>";
		};
		C0F4B97D2968D3D3004E911B /* Landmarks */ = {
			isa = PBXGroup;
			children = (
				C0F4B9742968C560004E911B /* LandmarkRow.swift */,
				C0F4B9762968C6CA004E911B /* LandmarkList.swift */,
				C0F4B9782968C76D004E911B /* LandmarkDetail.swift */,
			);
			path = Landmarks;
			sourceTree = "<group>";
		};
		C0F4B98C2968D716004E911B /* Badges */ = {
			isa = PBXGroup;
			children = (
				C0F4B9802968D4EE004E911B /* HexagonParameters.swift */,
				C0F4B9842968D53C004E911B /* BadgeBackground.swift */,
				C0F4B9862968D643004E911B /* BadgeSymbol.swift */,
				C0F4B9882968D67C004E911B /* RotatedBadgeSymbol.swift */,
				C0F4B98A2968D6BB004E911B /* Badge.swift */,
			);
			path = Badges;
			sourceTree = "<group>";
		};
		C0F4B991296C9225004E911B /* Hike */ = {
			isa = PBXGroup;
			children = (
				C0F4B998296CBF67004E911B /* GraphCapsule.swift */,
				C0F4B992296C9235004E911B /* HikeView.swift */,
				C0F4B994296CBDF8004E911B /* HikeGraph.swift */,
				C0F4B996296CBF1D004E911B /* HikeDetail.swift */,
				C0F4B9AA296CCA79004E911B /* HikeBadge.swift */,
			);
			path = Hike;
			sourceTree = "<group>";
		};
		C0F4B99A296CC215004E911B /* Categories */ = {
			isa = PBXGroup;
			children = (
				C0F4B99B296CC22B004E911B /* CategoryHome.swift */,
				C0F4B99D296CC45D004E911B /* CategoryRow.swift */,
				C0F4B99F296CC5B2004E911B /* CategoryItem.swift */,
			);
			path = Categories;
			sourceTree = "<group>";
		};
		C0F4B9A1296CC99C004E911B /* Profiles */ = {
			isa = PBXGroup;
			children = (
				C0F4B9A6296CC9E9004E911B /* ProfileHost.swift */,
				C0F4B9A8296CCA2E004E911B /* ProfileSummary.swift */,
				C0F4B9AC296CCC70004E911B /* ProfileEditor.swift */,
			);
			path = Profiles;
			sourceTree = "<group>";
		};
		C0F4B9AE296CCDB7004E911B /* Pages */ = {
			isa = PBXGroup;
			children = (
				C0F4B9AF296CCDDD004E911B /* PageViewController.swift */,
				C0F4B9B1296CCEF6004E911B /* FeatureCard.swift */,
				C0F4B9B3296CCF8B004E911B /* PageView.swift */,
				C0F4B9B5296CD342004E911B /* PageControl.swift */,
			);
			path = Pages;
			sourceTree = "<group>";
		};
/* End PBXGroup section */

/* Begin PBXNativeTarget section */
		C0F4B9552968BBB0004E911B /* Landmarks */ = {
			isa = PBXNativeTarget;
			buildConfigurationList = C0F4B9642968BBB4004E911B /* Build configuration list for PBXNativeTarget "Landmarks" */;
			buildPhases = (
				C0F4B9522968BBB0004E911B /* Sources */,
				C0F4B9532968BBB0004E911B /* Frameworks */,
				C0F4B9542968BBB0004E911B /* Resources */,
			);
			buildRules = (
			);
			dependencies = (
			);
			name = Landmarks;
			productName = Landmarks;
			productReference = C0F4B9562968BBB0004E911B /* Landmarks.app */;
			productType = "com.apple.product-type.application";
		};
/* End PBXNativeTarget section */

/* Begin PBXProject section */
		C0F4B94E2968BBB0004E911B /* Project object */ = {
			isa = PBXProject;
			attributes = {
				BuildIndependentTargetsInParallel = 1;
				LastSwiftUpdateCheck = 1420;
				LastUpgradeCheck = 1420;
				TargetAttributes = {
					C0F4B9552968BBB0004E911B = {
						CreatedOnToolsVersion = 14.2;
					};
				};
			};
			buildConfigurationList = C0F4B9512968BBB0004E911B /* Build configuration list for PBXProject "Landmarks" */;
			compatibilityVersion = "Xcode 14.0";
			developmentRegion = en;
			hasScannedForEncodings = 0;
			knownRegions = (
				en,
				Base,
			);
			mainGroup = C0F4B94D2968BBB0004E911B;
			productRefGroup = C0F4B9572968BBB0004E911B /* Products */;
			projectDirPath = "";
			projectRoot = "";
			targets = (
				C0F4B9552968BBB0004E911B /* Landmarks */,
			);
		};
/* End PBXProject section */

/* Begin PBXResourcesBuildPhase section */
		C0F4B9542968BBB0004E911B /* Resources */ = {
			isa = PBXResourcesBuildPhase;
			buildActionMask = 2147483647;
			files = (
				C0F4B98E296C90AE004E911B /* hikeData.json in Resources */,
				C0F4B9612968BBB4004E911B /* Preview Assets.xcassets in Resources */,
				C0F4B95E2968BBB4004E911B /* Assets.xcassets in Resources */,
				C0F4B96C2968C309004E911B /* landmarkData.json in Resources */,
			);
			runOnlyForDeploymentPostprocessing = 0;
		};
/* End PBXResourcesBuildPhase section */

/* Begin PBXSourcesBuildPhase section */
		C0F4B9522968BBB0004E911B /* Sources */ = {
			isa = PBXSourcesBuildPhase;
			buildActionMask = 2147483647;
			files = (
				C0F4B99E296CC45D004E911B /* CategoryRow.swift in Sources */,
				C0F4B9A5296CC9D0004E911B /* Profile.swift in Sources */,
				C0F4B999296CBF67004E911B /* GraphCapsule.swift in Sources */,
				C0F4B99C296CC22B004E911B /* CategoryHome.swift in Sources */,
				C0F4B9B2296CCEF6004E911B /* FeatureCard.swift in Sources */,
				C0F4B95C2968BBB0004E911B /* ContentView.swift in Sources */,
				C0F4B995296CBDF8004E911B /* HikeGraph.swift in Sources */,
				C0F4B98B2968D6BB004E911B /* Badge.swift in Sources */,
				C0F4B96A2968BFF0004E911B /* MapView.swift in Sources */,
				C0F4B9892968D67C004E911B /* RotatedBadgeSymbol.swift in Sources */,
				C0F4B9B6296CD342004E911B /* PageControl.swift in Sources */,
				C0F4B95A2968BBB0004E911B /* LandmarksApp.swift in Sources */,
				C0F4B9A0296CC5B2004E911B /* CategoryItem.swift in Sources */,
				C0F4B993296C9235004E911B /* HikeView.swift in Sources */,
				C0F4B9A9296CCA2E004E911B /* ProfileSummary.swift in Sources */,
				C0F4B997296CBF1D004E911B /* HikeDetail.swift in Sources */,
				C0F4B9A7296CC9E9004E911B /* ProfileHost.swift in Sources */,
				C0F4B97B2968D33F004E911B /* FavoriteButton.swift in Sources */,
				C0F4B990296C90CC004E911B /* Hike.swift in Sources */,
				C0F4B9B4296CCF8B004E911B /* PageView.swift in Sources */,
				C0F4B9812968D4EE004E911B /* HexagonParameters.swift in Sources */,
				C0F4B9AD296CCC70004E911B /* ProfileEditor.swift in Sources */,
				C0F4B9872968D643004E911B /* BadgeSymbol.swift in Sources */,
				C0F4B9772968C6CA004E911B /* LandmarkList.swift in Sources */,
				C0F4B9792968C76D004E911B /* LandmarkDetail.swift in Sources */,
				C0F4B9B0296CCDDD004E911B /* PageViewController.swift in Sources */,
				C0F4B9852968D53C004E911B /* BadgeBackground.swift in Sources */,
				C0F4B9AB296CCA79004E911B /* HikeBadge.swift in Sources */,
				C0F4B9682968BF08004E911B /* CircleImage.swift in Sources */,
				C0F4B96E2968C335004E911B /* Landmark.swift in Sources */,
				C0F4B9752968C560004E911B /* LandmarkRow.swift in Sources */,
				C0F4B9702968C4A2004E911B /* ModelData.swift in Sources */,
			);
			runOnlyForDeploymentPostprocessing = 0;
		};
/* End PBXSourcesBuildPhase section */

/* Begin XCBuildConfiguration section */
		C0F4B9622968BBB4004E911B /* Debug */ = {
			isa = XCBuildConfiguration;
			buildSettings = {
				ALWAYS_SEARCH_USER_PATHS = NO;
				CLANG_ANALYZER_NONNULL = YES;
				CLANG_ANALYZER_NUMBER_OBJECT_CONVERSION = YES_AGGRESSIVE;
				CLANG_CXX_LANGUAGE_STANDARD = "gnu++20";
				CLANG_ENABLE_MODULES = YES;
				CLANG_ENABLE_OBJC_ARC = YES;
				CLANG_ENABLE_OBJC_WEAK = YES;
				CLANG_WARN_BLOCK_CAPTURE_AUTORELEASING = YES;
				CLANG_WARN_BOOL_CONVERSION = YES;
				CLANG_WARN_COMMA = YES;
				CLANG_WARN_CONSTANT_CONVERSION = YES;
				CLANG_WARN_DEPRECATED_OBJC_IMPLEMENTATIONS = YES;
				CLANG_WARN_DIRECT_OBJC_ISA_USAGE = YES_ERROR;
				CLANG_WARN_DOCUMENTATION_COMMENTS = YES;
				CLANG_WARN_EMPTY_BODY = YES;
				CLANG_WARN_ENUM_CONVERSION = YES;
				CLANG_WARN_INFINITE_RECURSION = YES;
				CLANG_WARN_INT_CONVERSION = YES;
				CLANG_WARN_NON_LITERAL_NULL_CONVERSION = YES;
				CLANG_WARN_OBJC_IMPLICIT_RETAIN_SELF = YES;
				CLANG_WARN_OBJC_LITERAL_CONVERSION = YES;
				CLANG_WARN_OBJC_ROOT_CLASS = YES_ERROR;
				CLANG_WARN_QUOTED_INCLUDE_IN_FRAMEWORK_HEADER = YES;
				CLANG_WARN_RANGE_LOOP_ANALYSIS = YES;
				CLANG_WARN_STRICT_PROTOTYPES = YES;
				CLANG_WARN_SUSPICIOUS_MOVE = YES;
				CLANG_WARN_UNGUARDED_AVAILABILITY = YES_AGGRESSIVE;
				CLANG_WARN_UNREACHABLE_CODE = YES;
				CLANG_WARN__DUPLICATE_METHOD_MATCH = YES;
				COPY_PHASE_STRIP = NO;
				DEBUG_INFORMATION_FORMAT = dwarf;
				ENABLE_STRICT_OBJC_MSGSEND = YES;
				ENABLE_TESTABILITY = YES;
				GCC_C_LANGUAGE_STANDARD = gnu11;
				GCC_DYNAMIC_NO_PIC = NO;
				GCC_NO_COMMON_BLOCKS = YES;
				GCC_OPTIMIZATION_LEVEL = 0;
				GCC_PREPROCESSOR_DEFINITIONS = (
					"DEBUG=1",
					"$(inherited)",
				);
				GCC_WARN_64_TO_32_BIT_CONVERSION = YES;
				GCC_WARN_ABOUT_RETURN_TYPE = YES_ERROR;
				GCC_WARN_UNDECLARED_SELECTOR = YES;
				GCC_WARN_UNINITIALIZED_AUTOS = YES_AGGRESSIVE;
				GCC_WARN_UNUSED_FUNCTION = YES;
				GCC_WARN_UNUSED_VARIABLE = YES;
				IPHONEOS_DEPLOYMENT_TARGET = 16.2;
				MTL_ENABLE_DEBUG_INFO = INCLUDE_SOURCE;
				MTL_FAST_MATH = YES;
				ONLY_ACTIVE_ARCH = YES;
				SDKROOT = iphoneos;
				SWIFT_ACTIVE_COMPILATION_CONDITIONS = DEBUG;
				SWIFT_OPTIMIZATION_LEVEL = "-Onone";
			};
			name = Debug;
		};
		C0F4B9632968BBB4004E911B /* Release */ = {
			isa = XCBuildConfiguration;
			buildSettings = {
				ALWAYS_SEARCH_USER_PATHS = NO;
				CLANG_ANALYZER_NONNULL = YES;
				CLANG_ANALYZER_NUMBER_OBJECT_CONVERSION = YES_AGGRESSIVE;
				CLANG_CXX_LANGUAGE_STANDARD = "gnu++20";
				CLANG_ENABLE_MODULES = YES;
				CLANG_ENABLE_OBJC_ARC = YES;
				CLANG_ENABLE_OBJC_WEAK = YES;
				CLANG_WARN_BLOCK_CAPTURE_AUTORELEASING = YES;
				CLANG_WARN_BOOL_CONVERSION = YES;
				CLANG_WARN_COMMA = YES;
				CLANG_WARN_CONSTANT_CONVERSION = YES;
				CLANG_WARN_DEPRECATED_OBJC_IMPLEMENTATIONS = YES;
				CLANG_WARN_DIRECT_OBJC_ISA_USAGE = YES_ERROR;
				CLANG_WARN_DOCUMENTATION_COMMENTS = YES;
				CLANG_WARN_EMPTY_BODY = YES;
				CLANG_WARN_ENUM_CONVERSION = YES;
				CLANG_WARN_INFINITE_RECURSION = YES;
				CLANG_WARN_INT_CONVERSION = YES;
				CLANG_WARN_NON_LITERAL_NULL_CONVERSION = YES;
				CLANG_WARN_OBJC_IMPLICIT_RETAIN_SELF = YES;
				CLANG_WARN_OBJC_LITERAL_CONVERSION = YES;
				CLANG_WARN_OBJC_ROOT_CLASS = YES_ERROR;
				CLANG_WARN_QUOTED_INCLUDE_IN_FRAMEWORK_HEADER = YES;
				CLANG_WARN_RANGE_LOOP_ANALYSIS = YES;
				CLANG_WARN_STRICT_PROTOTYPES = YES;
				CLANG_WARN_SUSPICIOUS_MOVE = YES;
				CLANG_WARN_UNGUARDED_AVAILABILITY = YES_AGGRESSIVE;
				CLANG_WARN_UNREACHABLE_CODE = YES;
				CLANG_WARN__DUPLICATE_METHOD_MATCH = YES;
				COPY_PHASE_STRIP = NO;
				DEBUG_INFORMATION_FORMAT = "dwarf-with-dsym";
				ENABLE_NS_ASSERTIONS = NO;
				ENABLE_STRICT_OBJC_MSGSEND = YES;
				GCC_C_LANGUAGE_STANDARD = gnu11;
				GCC_NO_COMMON_BLOCKS = YES;
				GCC_WARN_64_TO_32_BIT_CONVERSION = YES;
				GCC_WARN_ABOUT_RETURN_TYPE = YES_ERROR;
				GCC_WARN_UNDECLARED_SELECTOR = YES;
				GCC_WARN_UNINITIALIZED_AUTOS = YES_AGGRESSIVE;
				GCC_WARN_UNUSED_FUNCTION = YES;
				GCC_WARN_UNUSED_VARIABLE = YES;
				IPHONEOS_DEPLOYMENT_TARGET = 16.2;
				MTL_ENABLE_DEBUG_INFO = NO;
				MTL_FAST_MATH = YES;
				SDKROOT = iphoneos;
				SWIFT_COMPILATION_MODE = wholemodule;
				SWIFT_OPTIMIZATION_LEVEL = "-O";
				VALIDATE_PRODUCT = YES;
			};
			name = Release;
		};
		C0F4B9652968BBB4004E911B /* Debug */ = {
			isa = XCBuildConfiguration;
			buildSettings = {
				ASSETCATALOG_COMPILER_APPICON_NAME = AppIcon;
				ASSETCATALOG_COMPILER_GLOBAL_ACCENT_COLOR_NAME = AccentColor;
				CODE_SIGN_STYLE = Automatic;
				CURRENT_PROJECT_VERSION = 1;
				DEVELOPMENT_ASSET_PATHS = "\"Landmarks/Preview Content\"";
				ENABLE_PREVIEWS = YES;
				GENERATE_INFOPLIST_FILE = YES;
				INFOPLIST_KEY_UIApplicationSceneManifest_Generation = YES;
				INFOPLIST_KEY_UIApplicationSupportsIndirectInputEvents = YES;
				INFOPLIST_KEY_UILaunchScreen_Generation = YES;
				INFOPLIST_KEY_UISupportedInterfaceOrientations_iPad = "UIInterfaceOrientationPortrait UIInterfaceOrientationPortraitUpsideDown UIInterfaceOrientationLandscapeLeft UIInterfaceOrientationLandscapeRight";
				INFOPLIST_KEY_UISupportedInterfaceOrientations_iPhone = "UIInterfaceOrientationPortrait UIInterfaceOrientationLandscapeLeft UIInterfaceOrientationLandscapeRight";
				LD_RUNPATH_SEARCH_PATHS = (
					"$(inherited)",
					"@executable_path/Frameworks",
				);
				MARKETING_VERSION = 1.0;
				PRODUCT_BUNDLE_IDENTIFIER = com.gabriel.Landmarks;
				PRODUCT_NAME = "$(TARGET_NAME)";
				SWIFT_EMIT_LOC_STRINGS = YES;
				SWIFT_VERSION = 5.0;
				TARGETED_DEVICE_FAMILY = "1,2";
			};
			name = Debug;
		};
		C0F4B9662968BBB4004E911B /* Release */ = {
			isa = XCBuildConfiguration;
			buildSettings = {
				ASSETCATALOG_COMPILER_APPICON_NAME = AppIcon;
				ASSETCATALOG_COMPILER_GLOBAL_ACCENT_COLOR_NAME = AccentColor;
				CODE_SIGN_STYLE = Automatic;
				CURRENT_PROJECT_VERSION = 1;
				DEVELOPMENT_ASSET_PATHS = "\"Landmarks/Preview Content\"";
				ENABLE_PREVIEWS = YES;
				GENERATE_INFOPLIST_FILE = YES;
				INFOPLIST_KEY_UIApplicationSceneManifest_Generation = YES;
				INFOPLIST_KEY_UIApplicationSupportsIndirectInputEvents = YES;
				INFOPLIST_KEY_UILaunchScreen_Generation = YES;
				INFOPLIST_KEY_UISupportedInterfaceOrientations_iPad = "UIInterfaceOrientationPortrait UIInterfaceOrientationPortraitUpsideDown UIInterfaceOrientationLandscapeLeft UIInterfaceOrientationLandscapeRight";
				INFOPLIST_KEY_UISupportedInterfaceOrientations_iPhone = "UIInterfaceOrientationPortrait UIInterfaceOrientationLandscapeLeft UIInterfaceOrientationLandscapeRight";
				LD_RUNPATH_SEARCH_PATHS = (
					"$(inherited)",
					"@executable_path/Frameworks",
				);
				MARKETING_VERSION = 1.0;
				PRODUCT_BUNDLE_IDENTIFIER = com.gabriel.Landmarks;
				PRODUCT_NAME = "$(TARGET_NAME)";
				SWIFT_EMIT_LOC_STRINGS = YES;
				SWIFT_VERSION = 5.0;
				TARGETED_DEVICE_FAMILY = "1,2";
			};
			name = Release;
		};
/* End XCBuildConfiguration section */

/* Begin XCConfigurationList section */
		C0F4B9512968BBB0004E911B /* Build configuration list for PBXProject "Landmarks" */ = {
			isa = XCConfigurationList;
			buildConfigurations = (
				C0F4B9622968BBB4004E911B /* Debug */,
				C0F4B9632968BBB4004E911B /* Release */,
			);
			defaultConfigurationIsVisible = 0;
			defaultConfigurationName = Release;
		};
		C0F4B9642968BBB4004E911B /* Build configuration list for PBXNativeTarget "Landmarks" */ = {
			isa = XCConfigurationList;
			buildConfigurations = (
				C0F4B9652968BBB4004E911B /* Debug */,
				C0F4B9662968BBB4004E911B /* Release */,
			);
			defaultConfigurationIsVisible = 0;
			defaultConfigurationName = Release;
		};
/* End XCConfigurationList section */
	};
	rootObject = C0F4B94E2968BBB0004E911B /* Project object */;
}
